
Microsoft Visual Studio Solution File, Format Version 12.00
# Visual Studio Version 17
VisualStudioVersion = 17.6.33829.357
MinimumVisualStudioVersion = 10.0.40219.1
Project("{FAE04EC0-301F-11D3-BF4B-00C04F79EFBC}") = "HomeBankingMinHub", "HomeBankingMinHub\HomeBankingMinHub.csproj", "{D14C882B-15F9-44C8-8F6C-CA157D4719FE}"
EndProject
Global
	GlobalSection(SolutionConfigurationPlatforms) = preSolution
		Debug|Any CPU = Debug|Any CPU
		Release|Any CPU = Release|Any CPU
	EndGlobalSection
	GlobalSection(ProjectConfigurationPlatforms) = postSolution
		{D14C882B-15F9-44C8-8F6C-CA157D4719FE}.Debug|Any CPU.ActiveCfg = Debug|Any CPU
		{D14C882B-15F9-44C8-8F6C-CA157D4719FE}.Debug|Any CPU.Build.0 = Debug|Any CPU
		{D14C882B-15F9-44C8-8F6C-CA157D4719FE}.Release|Any CPU.ActiveCfg = Release|Any CPU
		{D14C882B-15F9-44C8-8F6C-CA157D4719FE}.Release|Any CPU.Build.0 = Release|Any CPU
	EndGlobalSection
	GlobalSection(SolutionProperties) = preSolution
		HideSolutionNode = FALSE
	EndGlobalSection
	GlobalSection(ExtensibilityGlobals) = postSolution
		SolutionGuid = {ACC3406F-A559-4A8F-9813-ACE9896925FA}
	EndGlobalSection
EndGlobal
